// !$*UTF8*$!
{
	archiveVersion = 1;
	classes = {
	};
	objectVersion = 46;
	objects = {

/* Begin PBXBuildFile section */
		D329813B1A2103B300494D7F /* main.m in Sources */ = {isa = PBXBuildFile; fileRef = D329813A1A2103B300494D7F /* main.m */; };
		D329813E1A2103B300494D7F /* AppDelegate.m in Sources */ = {isa = PBXBuildFile; fileRef = D329813D1A2103B300494D7F /* AppDelegate.m */; };
		D32981471A2103B300494D7F /* Main.storyboard in Resources */ = {isa = PBXBuildFile; fileRef = D32981451A2103B300494D7F /* Main.storyboard */; };
		D32981491A2103B300494D7F /* Images.xcassets in Resources */ = {isa = PBXBuildFile; fileRef = D32981481A2103B300494D7F /* Images.xcassets */; };
		D329814C1A2103B300494D7F /* LaunchScreen.xib in Resources */ = {isa = PBXBuildFile; fileRef = D329814A1A2103B300494D7F /* LaunchScreen.xib */; };
		D32981581A2103B300494D7F /* PageMeTests.m in Sources */ = {isa = PBXBuildFile; fileRef = D32981571A2103B300494D7F /* PageMeTests.m */; };
		D32981721A2109B000494D7F /* LoginViewController.m in Sources */ = {isa = PBXBuildFile; fileRef = D32981641A2109B000494D7F /* LoginViewController.m */; };
		D32981731A2109B000494D7F /* SignUpViewController.m in Sources */ = {isa = PBXBuildFile; fileRef = D32981661A2109B000494D7F /* SignUpViewController.m */; };
		D32981741A2109B000494D7F /* CameraViewController.m in Sources */ = {isa = PBXBuildFile; fileRef = D32981681A2109B000494D7F /* CameraViewController.m */; };
		D32981751A2109B000494D7F /* EditFriendsViewController.m in Sources */ = {isa = PBXBuildFile; fileRef = D329816A1A2109B000494D7F /* EditFriendsViewController.m */; };
		D32981761A2109B000494D7F /* FriendsViewController.m in Sources */ = {isa = PBXBuildFile; fileRef = D329816C1A2109B000494D7F /* FriendsViewController.m */; };
		D32981771A2109B000494D7F /* ImageViewController.m in Sources */ = {isa = PBXBuildFile; fileRef = D329816E1A2109B000494D7F /* ImageViewController.m */; };
		D32981781A2109B000494D7F /* InboxViewController.m in Sources */ = {isa = PBXBuildFile; fileRef = D32981701A2109B000494D7F /* InboxViewController.m */; };
		D329817C1A2138CC00494D7F /* Bolts.framework in Frameworks */ = {isa = PBXBuildFile; fileRef = D329817A1A2138CC00494D7F /* Bolts.framework */; };
		D329817D1A2138CC00494D7F /* Parse.framework in Frameworks */ = {isa = PBXBuildFile; fileRef = D329817B1A2138CC00494D7F /* Parse.framework */; };
		D32981851A21390300494D7F /* camera.png in Resources */ = {isa = PBXBuildFile; fileRef = D329817F1A21390300494D7F /* camera.png */; };
		D32981861A21390300494D7F /* camera@2x.png in Resources */ = {isa = PBXBuildFile; fileRef = D32981801A21390300494D7F /* camera@2x.png */; };
		D32981871A21390300494D7F /* friends.png in Resources */ = {isa = PBXBuildFile; fileRef = D32981811A21390300494D7F /* friends.png */; };
		D32981881A21390300494D7F /* friends@2x.png in Resources */ = {isa = PBXBuildFile; fileRef = D32981821A21390300494D7F /* friends@2x.png */; };
		D32981891A21390300494D7F /* inbox.png in Resources */ = {isa = PBXBuildFile; fileRef = D32981831A21390300494D7F /* inbox.png */; };
		D329818A1A21390300494D7F /* inbox@2x.png in Resources */ = {isa = PBXBuildFile; fileRef = D32981841A21390300494D7F /* inbox@2x.png */; };
		D32981951A217A4B00494D7F /* AudioToolbox.framework in Frameworks */ = {isa = PBXBuildFile; fileRef = D329818B1A217A4B00494D7F /* AudioToolbox.framework */; };
		D32981961A217A4B00494D7F /* CFNetwork.framework in Frameworks */ = {isa = PBXBuildFile; fileRef = D329818C1A217A4B00494D7F /* CFNetwork.framework */; };
		D32981971A217A4B00494D7F /* CoreGraphics.framework in Frameworks */ = {isa = PBXBuildFile; fileRef = D329818D1A217A4B00494D7F /* CoreGraphics.framework */; };
		D32981981A217A4B00494D7F /* CoreLocation.framework in Frameworks */ = {isa = PBXBuildFile; fileRef = D329818E1A217A4B00494D7F /* CoreLocation.framework */; };
		D32981991A217A4B00494D7F /* libz.dylib in Frameworks */ = {isa = PBXBuildFile; fileRef = D329818F1A217A4B00494D7F /* libz.dylib */; };
		D329819A1A217A4B00494D7F /* MobileCoreServices.framework in Frameworks */ = {isa = PBXBuildFile; fileRef = D32981901A217A4B00494D7F /* MobileCoreServices.framework */; };
		D329819B1A217A4C00494D7F /* QuartzCore.framework in Frameworks */ = {isa = PBXBuildFile; fileRef = D32981911A217A4B00494D7F /* QuartzCore.framework */; };
		D329819C1A217A4C00494D7F /* Security.framework in Frameworks */ = {isa = PBXBuildFile; fileRef = D32981921A217A4B00494D7F /* Security.framework */; };
		D329819D1A217A4C00494D7F /* StoreKit.framework in Frameworks */ = {isa = PBXBuildFile; fileRef = D32981931A217A4B00494D7F /* StoreKit.framework */; };
		D329819E1A217A4C00494D7F /* SystemConfiguration.framework in Frameworks */ = {isa = PBXBuildFile; fileRef = D32981941A217A4B00494D7F /* SystemConfiguration.framework */; };
/* End PBXBuildFile section */

/* Begin PBXContainerItemProxy section */
		D32981521A2103B300494D7F /* PBXContainerItemProxy */ = {
			isa = PBXContainerItemProxy;
			containerPortal = D329812D1A2103B300494D7F /* Project object */;
			proxyType = 1;
			remoteGlobalIDString = D32981341A2103B300494D7F;
			remoteInfo = PageMe;
		};
/* End PBXContainerItemProxy section */

/* Begin PBXFileReference section */
		D32981351A2103B300494D7F /* PageMe.app */ = {isa = PBXFileReference; explicitFileType = wrapper.application; includeInIndex = 0; path = PageMe.app; sourceTree = BUILT_PRODUCTS_DIR; };
		D32981391A2103B300494D7F /* Info.plist */ = {isa = PBXFileReference; lastKnownFileType = text.plist.xml; path = Info.plist; sourceTree = "<group>"; };
		D329813A1A2103B300494D7F /* main.m */ = {isa = PBXFileReference; lastKnownFileType = sourcecode.c.objc; path = main.m; sourceTree = "<group>"; };
		D329813C1A2103B300494D7F /* AppDelegate.h */ = {isa = PBXFileReference; lastKnownFileType = sourcecode.c.h; path = AppDelegate.h; sourceTree = "<group>"; };
		D329813D1A2103B300494D7F /* AppDelegate.m */ = {isa = PBXFileReference; lastKnownFileType = sourcecode.c.objc; path = AppDelegate.m; sourceTree = "<group>"; };
		D32981461A2103B300494D7F /* Base */ = {isa = PBXFileReference; lastKnownFileType = file.storyboard; name = Base; path = Base.lproj/Main.storyboard; sourceTree = "<group>"; };
		D32981481A2103B300494D7F /* Images.xcassets */ = {isa = PBXFileReference; lastKnownFileType = folder.assetcatalog; path = Images.xcassets; sourceTree = "<group>"; };
		D329814B1A2103B300494D7F /* Base */ = {isa = PBXFileReference; lastKnownFileType = file.xib; name = Base; path = Base.lproj/LaunchScreen.xib; sourceTree = "<group>"; };
		D32981511A2103B300494D7F /* PageMeTests.xctest */ = {isa = PBXFileReference; explicitFileType = wrapper.cfbundle; includeInIndex = 0; path = PageMeTests.xctest; sourceTree = BUILT_PRODUCTS_DIR; };
		D32981561A2103B300494D7F /* Info.plist */ = {isa = PBXFileReference; lastKnownFileType = text.plist.xml; path = Info.plist; sourceTree = "<group>"; };
		D32981571A2103B300494D7F /* PageMeTests.m */ = {isa = PBXFileReference; lastKnownFileType = sourcecode.c.objc; path = PageMeTests.m; sourceTree = "<group>"; };
		D32981631A2109B000494D7F /* LoginViewController.h */ = {isa = PBXFileReference; fileEncoding = 4; lastKnownFileType = sourcecode.c.h; path = LoginViewController.h; sourceTree = "<group>"; };
		D32981641A2109B000494D7F /* LoginViewController.m */ = {isa = PBXFileReference; fileEncoding = 4; lastKnownFileType = sourcecode.c.objc; path = LoginViewController.m; sourceTree = "<group>"; };
		D32981651A2109B000494D7F /* SignUpViewController.h */ = {isa = PBXFileReference; fileEncoding = 4; lastKnownFileType = sourcecode.c.h; path = SignUpViewController.h; sourceTree = "<group>"; };
		D32981661A2109B000494D7F /* SignUpViewController.m */ = {isa = PBXFileReference; fileEncoding = 4; lastKnownFileType = sourcecode.c.objc; path = SignUpViewController.m; sourceTree = "<group>"; };
		D32981671A2109B000494D7F /* CameraViewController.h */ = {isa = PBXFileReference; fileEncoding = 4; lastKnownFileType = sourcecode.c.h; path = CameraViewController.h; sourceTree = "<group>"; };
		D32981681A2109B000494D7F /* CameraViewController.m */ = {isa = PBXFileReference; fileEncoding = 4; lastKnownFileType = sourcecode.c.objc; path = CameraViewController.m; sourceTree = "<group>"; };
		D32981691A2109B000494D7F /* EditFriendsViewController.h */ = {isa = PBXFileReference; fileEncoding = 4; lastKnownFileType = sourcecode.c.h; path = EditFriendsViewController.h; sourceTree = "<group>"; };
		D329816A1A2109B000494D7F /* EditFriendsViewController.m */ = {isa = PBXFileReference; fileEncoding = 4; lastKnownFileType = sourcecode.c.objc; path = EditFriendsViewController.m; sourceTree = "<group>"; };
		D329816B1A2109B000494D7F /* FriendsViewController.h */ = {isa = PBXFileReference; fileEncoding = 4; lastKnownFileType = sourcecode.c.h; path = FriendsViewController.h; sourceTree = "<group>"; };
		D329816C1A2109B000494D7F /* FriendsViewController.m */ = {isa = PBXFileReference; fileEncoding = 4; lastKnownFileType = sourcecode.c.objc; path = FriendsViewController.m; sourceTree = "<group>"; };
		D329816D1A2109B000494D7F /* ImageViewController.h */ = {isa = PBXFileReference; fileEncoding = 4; lastKnownFileType = sourcecode.c.h; path = ImageViewController.h; sourceTree = "<group>"; };
		D329816E1A2109B000494D7F /* ImageViewController.m */ = {isa = PBXFileReference; fileEncoding = 4; lastKnownFileType = sourcecode.c.objc; path = ImageViewController.m; sourceTree = "<group>"; };
		D329816F1A2109B000494D7F /* InboxViewController.h */ = {isa = PBXFileReference; fileEncoding = 4; lastKnownFileType = sourcecode.c.h; path = InboxViewController.h; sourceTree = "<group>"; };
		D32981701A2109B000494D7F /* InboxViewController.m */ = {isa = PBXFileReference; fileEncoding = 4; lastKnownFileType = sourcecode.c.objc; path = InboxViewController.m; sourceTree = "<group>"; };
		D329817A1A2138CC00494D7F /* Bolts.framework */ = {isa = PBXFileReference; lastKnownFileType = wrapper.framework; path = Bolts.framework; sourceTree = "<group>"; };
		D329817B1A2138CC00494D7F /* Parse.framework */ = {isa = PBXFileReference; lastKnownFileType = wrapper.framework; path = Parse.framework; sourceTree = "<group>"; };
		D329817F1A21390300494D7F /* camera.png */ = {isa = PBXFileReference; lastKnownFileType = image.png; path = camera.png; sourceTree = "<group>"; };
		D32981801A21390300494D7F /* camera@2x.png */ = {isa = PBXFileReference; lastKnownFileType = image.png; path = "camera@2x.png"; sourceTree = "<group>"; };
		D32981811A21390300494D7F /* friends.png */ = {isa = PBXFileReference; lastKnownFileType = image.png; path = friends.png; sourceTree = "<group>"; };
		D32981821A21390300494D7F /* friends@2x.png */ = {isa = PBXFileReference; lastKnownFileType = image.png; path = "friends@2x.png"; sourceTree = "<group>"; };
		D32981831A21390300494D7F /* inbox.png */ = {isa = PBXFileReference; lastKnownFileType = image.png; path = inbox.png; sourceTree = "<group>"; };
		D32981841A21390300494D7F /* inbox@2x.png */ = {isa = PBXFileReference; lastKnownFileType = image.png; path = "inbox@2x.png"; sourceTree = "<group>"; };
		D329818B1A217A4B00494D7F /* AudioToolbox.framework */ = {isa = PBXFileReference; lastKnownFileType = wrapper.framework; name = AudioToolbox.framework; path = System/Library/Frameworks/AudioToolbox.framework; sourceTree = SDKROOT; };
		D329818C1A217A4B00494D7F /* CFNetwork.framework */ = {isa = PBXFileReference; lastKnownFileType = wrapper.framework; name = CFNetwork.framework; path = System/Library/Frameworks/CFNetwork.framework; sourceTree = SDKROOT; };
		D329818D1A217A4B00494D7F /* CoreGraphics.framework */ = {isa = PBXFileReference; lastKnownFileType = wrapper.framework; name = CoreGraphics.framework; path = System/Library/Frameworks/CoreGraphics.framework; sourceTree = SDKROOT; };
		D329818E1A217A4B00494D7F /* CoreLocation.framework */ = {isa = PBXFileReference; lastKnownFileType = wrapper.framework; name = CoreLocation.framework; path = System/Library/Frameworks/CoreLocation.framework; sourceTree = SDKROOT; };
		D329818F1A217A4B00494D7F /* libz.dylib */ = {isa = PBXFileReference; lastKnownFileType = "compiled.mach-o.dylib"; name = libz.dylib; path = usr/lib/libz.dylib; sourceTree = SDKROOT; };
		D32981901A217A4B00494D7F /* MobileCoreServices.framework */ = {isa = PBXFileReference; lastKnownFileType = wrapper.framework; name = MobileCoreServices.framework; path = System/Library/Frameworks/MobileCoreServices.framework; sourceTree = SDKROOT; };
		D32981911A217A4B00494D7F /* QuartzCore.framework */ = {isa = PBXFileReference; lastKnownFileType = wrapper.framework; name = QuartzCore.framework; path = System/Library/Frameworks/QuartzCore.framework; sourceTree = SDKROOT; };
		D32981921A217A4B00494D7F /* Security.framework */ = {isa = PBXFileReference; lastKnownFileType = wrapper.framework; name = Security.framework; path = System/Library/Frameworks/Security.framework; sourceTree = SDKROOT; };
		D32981931A217A4B00494D7F /* StoreKit.framework */ = {isa = PBXFileReference; lastKnownFileType = wrapper.framework; name = StoreKit.framework; path = System/Library/Frameworks/StoreKit.framework; sourceTree = SDKROOT; };
		D32981941A217A4B00494D7F /* SystemConfiguration.framework */ = {isa = PBXFileReference; lastKnownFileType = wrapper.framework; name = SystemConfiguration.framework; path = System/Library/Frameworks/SystemConfiguration.framework; sourceTree = SDKROOT; };
/* End PBXFileReference section */

/* Begin PBXFrameworksBuildPhase section */
		D32981321A2103B300494D7F /* Frameworks */ = {
			isa = PBXFrameworksBuildPhase;
			buildActionMask = 2147483647;
			files = (
				D32981951A217A4B00494D7F /* AudioToolbox.framework in Frameworks */,
				D32981961A217A4B00494D7F /* CFNetwork.framework in Frameworks */,
				D32981971A217A4B00494D7F /* CoreGraphics.framework in Frameworks */,
				D32981981A217A4B00494D7F /* CoreLocation.framework in Frameworks */,
				D32981991A217A4B00494D7F /* libz.dylib in Frameworks */,
				D329819A1A217A4B00494D7F /* MobileCoreServices.framework in Frameworks */,
				D329819B1A217A4C00494D7F /* QuartzCore.framework in Frameworks */,
				D329819C1A217A4C00494D7F /* Security.framework in Frameworks */,
				D329819D1A217A4C00494D7F /* StoreKit.framework in Frameworks */,
				D329819E1A217A4C00494D7F /* SystemConfiguration.framework in Frameworks */,
				D329817D1A2138CC00494D7F /* Parse.framework in Frameworks */,
				D329817C1A2138CC00494D7F /* Bolts.framework in Frameworks */,
			);
			runOnlyForDeploymentPostprocessing = 0;
		};
		D329814E1A2103B300494D7F /* Frameworks */ = {
			isa = PBXFrameworksBuildPhase;
			buildActionMask = 2147483647;
			files = (
			);
			runOnlyForDeploymentPostprocessing = 0;
		};
/* End PBXFrameworksBuildPhase section */

/* Begin PBXGroup section */
		D329812C1A2103B300494D7F = {
			isa = PBXGroup;
			children = (
				D32981371A2103B300494D7F /* PageMe */,
				D32981541A2103B300494D7F /* PageMeTests */,
				D32981361A2103B300494D7F /* Products */,
				D32981791A210A6100494D7F /* Frameworks */,
			);
			sourceTree = "<group>";
		};
		D32981361A2103B300494D7F /* Products */ = {
			isa = PBXGroup;
			children = (
				D32981351A2103B300494D7F /* PageMe.app */,
				D32981511A2103B300494D7F /* PageMeTests.xctest */,
			);
			name = Products;
			sourceTree = "<group>";
		};
		D32981371A2103B300494D7F /* PageMe */ = {
			isa = PBXGroup;
			children = (
				D329813C1A2103B300494D7F /* AppDelegate.h */,
				D329813D1A2103B300494D7F /* AppDelegate.m */,
				D32981451A2103B300494D7F /* Main.storyboard */,
				D32981631A2109B000494D7F /* LoginViewController.h */,
				D32981641A2109B000494D7F /* LoginViewController.m */,
				D32981651A2109B000494D7F /* SignUpViewController.h */,
				D32981661A2109B000494D7F /* SignUpViewController.m */,
				D32981671A2109B000494D7F /* CameraViewController.h */,
				D32981681A2109B000494D7F /* CameraViewController.m */,
				D32981691A2109B000494D7F /* EditFriendsViewController.h */,
				D329816A1A2109B000494D7F /* EditFriendsViewController.m */,
				D329816B1A2109B000494D7F /* FriendsViewController.h */,
				D329816C1A2109B000494D7F /* FriendsViewController.m */,
				D329816D1A2109B000494D7F /* ImageViewController.h */,
				D329816E1A2109B000494D7F /* ImageViewController.m */,
				D329816F1A2109B000494D7F /* InboxViewController.h */,
				D32981701A2109B000494D7F /* InboxViewController.m */,
				D32981481A2103B300494D7F /* Images.xcassets */,
				D329814A1A2103B300494D7F /* LaunchScreen.xib */,
				D32981381A2103B300494D7F /* Supporting Files */,
			);
			path = PageMe;
			sourceTree = "<group>";
		};
		D32981381A2103B300494D7F /* Supporting Files */ = {
			isa = PBXGroup;
			children = (
				D329817E1A21390300494D7F /* tab_bar_icons */,
				D32981391A2103B300494D7F /* Info.plist */,
				D329813A1A2103B300494D7F /* main.m */,
			);
			name = "Supporting Files";
			sourceTree = "<group>";
		};
		D32981541A2103B300494D7F /* PageMeTests */ = {
			isa = PBXGroup;
			children = (
				D32981571A2103B300494D7F /* PageMeTests.m */,
				D32981551A2103B300494D7F /* Supporting Files */,
			);
			path = PageMeTests;
			sourceTree = "<group>";
		};
		D32981551A2103B300494D7F /* Supporting Files */ = {
			isa = PBXGroup;
			children = (
				D32981561A2103B300494D7F /* Info.plist */,
			);
			name = "Supporting Files";
			sourceTree = "<group>";
		};
		D32981791A210A6100494D7F /* Frameworks */ = {
			isa = PBXGroup;
			children = (
				D329818B1A217A4B00494D7F /* AudioToolbox.framework */,
				D329818C1A217A4B00494D7F /* CFNetwork.framework */,
				D329818D1A217A4B00494D7F /* CoreGraphics.framework */,
				D329818E1A217A4B00494D7F /* CoreLocation.framework */,
				D329818F1A217A4B00494D7F /* libz.dylib */,
				D32981901A217A4B00494D7F /* MobileCoreServices.framework */,
				D32981911A217A4B00494D7F /* QuartzCore.framework */,
				D32981921A217A4B00494D7F /* Security.framework */,
				D32981931A217A4B00494D7F /* StoreKit.framework */,
				D32981941A217A4B00494D7F /* SystemConfiguration.framework */,
				D329817A1A2138CC00494D7F /* Bolts.framework */,
				D329817B1A2138CC00494D7F /* Parse.framework */,
			);
			name = Frameworks;
			path = PageMe;
			sourceTree = "<group>";
		};
		D329817E1A21390300494D7F /* tab_bar_icons */ = {
			isa = PBXGroup;
			children = (
				D329817F1A21390300494D7F /* camera.png */,
				D32981801A21390300494D7F /* camera@2x.png */,
				D32981811A21390300494D7F /* friends.png */,
				D32981821A21390300494D7F /* friends@2x.png */,
				D32981831A21390300494D7F /* inbox.png */,
				D32981841A21390300494D7F /* inbox@2x.png */,
			);
			path = tab_bar_icons;
			sourceTree = "<group>";
		};
/* End PBXGroup section */

/* Begin PBXNativeTarget section */
		D32981341A2103B300494D7F /* PageMe */ = {
			isa = PBXNativeTarget;
			buildConfigurationList = D329815B1A2103B300494D7F /* Build configuration list for PBXNativeTarget "PageMe" */;
			buildPhases = (
				D32981311A2103B300494D7F /* Sources */,
				D32981321A2103B300494D7F /* Frameworks */,
				D32981331A2103B300494D7F /* Resources */,
			);
			buildRules = (
			);
			dependencies = (
			);
			name = PageMe;
			productName = PageMe;
			productReference = D32981351A2103B300494D7F /* PageMe.app */;
			productType = "com.apple.product-type.application";
		};
		D32981501A2103B300494D7F /* PageMeTests */ = {
			isa = PBXNativeTarget;
			buildConfigurationList = D329815E1A2103B300494D7F /* Build configuration list for PBXNativeTarget "PageMeTests" */;
			buildPhases = (
				D329814D1A2103B300494D7F /* Sources */,
				D329814E1A2103B300494D7F /* Frameworks */,
				D329814F1A2103B300494D7F /* Resources */,
			);
			buildRules = (
			);
			dependencies = (
				D32981531A2103B300494D7F /* PBXTargetDependency */,
			);
			name = PageMeTests;
			productName = PageMeTests;
			productReference = D32981511A2103B300494D7F /* PageMeTests.xctest */;
			productType = "com.apple.product-type.bundle.unit-test";
		};
/* End PBXNativeTarget section */

/* Begin PBXProject section */
		D329812D1A2103B300494D7F /* Project object */ = {
			isa = PBXProject;
			attributes = {
				LastUpgradeCheck = 0610;
				ORGANIZATIONNAME = "Group 5";
				TargetAttributes = {
					D32981341A2103B300494D7F = {
						CreatedOnToolsVersion = 6.1;
					};
					D32981501A2103B300494D7F = {
						CreatedOnToolsVersion = 6.1;
						TestTargetID = D32981341A2103B300494D7F;
					};
				};
			};
			buildConfigurationList = D32981301A2103B300494D7F /* Build configuration list for PBXProject "PageMe" */;
			compatibilityVersion = "Xcode 3.2";
			developmentRegion = English;
			hasScannedForEncodings = 0;
			knownRegions = (
				en,
				Base,
			);
			mainGroup = D329812C1A2103B300494D7F;
			productRefGroup = D32981361A2103B300494D7F /* Products */;
			projectDirPath = "";
			projectRoot = "";
			targets = (
				D32981341A2103B300494D7F /* PageMe */,
				D32981501A2103B300494D7F /* PageMeTests */,
			);
		};
/* End PBXProject section */

/* Begin PBXResourcesBuildPhase section */
		D32981331A2103B300494D7F /* Resources */ = {
			isa = PBXResourcesBuildPhase;
			buildActionMask = 2147483647;
			files = (
				D32981471A2103B300494D7F /* Main.storyboard in Resources */,
				D32981871A21390300494D7F /* friends.png in Resources */,
				D32981881A21390300494D7F /* friends@2x.png in Resources */,
				D32981861A21390300494D7F /* camera@2x.png in Resources */,
				D32981891A21390300494D7F /* inbox.png in Resources */,
				D329814C1A2103B300494D7F /* LaunchScreen.xib in Resources */,
				D32981851A21390300494D7F /* camera.png in Resources */,
				D32981491A2103B300494D7F /* Images.xcassets in Resources */,
				D329818A1A21390300494D7F /* inbox@2x.png in Resources */,
			);
			runOnlyForDeploymentPostprocessing = 0;
		};
		D329814F1A2103B300494D7F /* Resources */ = {
			isa = PBXResourcesBuildPhase;
			buildActionMask = 2147483647;
			files = (
			);
			runOnlyForDeploymentPostprocessing = 0;
		};
/* End PBXResourcesBuildPhase section */

/* Begin PBXSourcesBuildPhase section */
		D32981311A2103B300494D7F /* Sources */ = {
			isa = PBXSourcesBuildPhase;
			buildActionMask = 2147483647;
			files = (
				D329813E1A2103B300494D7F /* AppDelegate.m in Sources */,
				D329813B1A2103B300494D7F /* main.m in Sources */,
				D32981741A2109B000494D7F /* CameraViewController.m in Sources */,
				D32981761A2109B000494D7F /* FriendsViewController.m in Sources */,
				D32981751A2109B000494D7F /* EditFriendsViewController.m in Sources */,
				D32981771A2109B000494D7F /* ImageViewController.m in Sources */,
				D32981781A2109B000494D7F /* InboxViewController.m in Sources */,
				D32981721A2109B000494D7F /* LoginViewController.m in Sources */,
				D32981731A2109B000494D7F /* SignUpViewController.m in Sources */,
			);
			runOnlyForDeploymentPostprocessing = 0;
		};
		D329814D1A2103B300494D7F /* Sources */ = {
			isa = PBXSourcesBuildPhase;
			buildActionMask = 2147483647;
			files = (
				D32981581A2103B300494D7F /* PageMeTests.m in Sources */,
			);
			runOnlyForDeploymentPostprocessing = 0;
		};
/* End PBXSourcesBuildPhase section */

/* Begin PBXTargetDependency section */
		D32981531A2103B300494D7F /* PBXTargetDependency */ = {
			isa = PBXTargetDependency;
			target = D32981341A2103B300494D7F /* PageMe */;
			targetProxy = D32981521A2103B300494D7F /* PBXContainerItemProxy */;
		};
/* End PBXTargetDependency section */

/* Begin PBXVariantGroup section */
		D32981451A2103B300494D7F /* Main.storyboard */ = {
			isa = PBXVariantGroup;
			children = (
				D32981461A2103B300494D7F /* Base */,
			);
			name = Main.storyboard;
			sourceTree = "<group>";
		};
		D329814A1A2103B300494D7F /* LaunchScreen.xib */ = {
			isa = PBXVariantGroup;
			children = (
				D329814B1A2103B300494D7F /* Base */,
			);
			name = LaunchScreen.xib;
			sourceTree = "<group>";
		};
/* End PBXVariantGroup section */

/* Begin XCBuildConfiguration section */
		D32981591A2103B300494D7F /* Debug */ = {
			isa = XCBuildConfiguration;
			buildSettings = {
				ALWAYS_SEARCH_USER_PATHS = NO;
				CLANG_CXX_LANGUAGE_STANDARD = "gnu++0x";
				CLANG_CXX_LIBRARY = "libc++";
				CLANG_ENABLE_MODULES = YES;
				CLANG_ENABLE_OBJC_ARC = YES;
				CLANG_WARN_BOOL_CONVERSION = YES;
				CLANG_WARN_CONSTANT_CONVERSION = YES;
				CLANG_WARN_DIRECT_OBJC_ISA_USAGE = YES_ERROR;
				CLANG_WARN_EMPTY_BODY = YES;
				CLANG_WARN_ENUM_CONVERSION = YES;
				CLANG_WARN_INT_CONVERSION = YES;
				CLANG_WARN_OBJC_ROOT_CLASS = YES_ERROR;
				CLANG_WARN_UNREACHABLE_CODE = YES;
				CLANG_WARN__DUPLICATE_METHOD_MATCH = YES;
				"CODE_SIGN_IDENTITY[sdk=iphoneos*]" = "iPhone Developer";
				COPY_PHASE_STRIP = NO;
				ENABLE_STRICT_OBJC_MSGSEND = YES;
				GCC_C_LANGUAGE_STANDARD = gnu99;
				GCC_DYNAMIC_NO_PIC = NO;
				GCC_OPTIMIZATION_LEVEL = 0;
				GCC_PREPROCESSOR_DEFINITIONS = (
					"DEBUG=1",
					"$(inherited)",
				);
				GCC_SYMBOLS_PRIVATE_EXTERN = NO;
				GCC_WARN_64_TO_32_BIT_CONVERSION = YES;
				GCC_WARN_ABOUT_RETURN_TYPE = YES_ERROR;
				GCC_WARN_UNDECLARED_SELECTOR = YES;
				GCC_WARN_UNINITIALIZED_AUTOS = YES_AGGRESSIVE;
				GCC_WARN_UNUSED_FUNCTION = YES;
				GCC_WARN_UNUSED_VARIABLE = YES;
				IPHONEOS_DEPLOYMENT_TARGET = 8.1;
				MTL_ENABLE_DEBUG_INFO = YES;
				ONLY_ACTIVE_ARCH = YES;
				SDKROOT = iphoneos;
			};
			name = Debug;
		};
		D329815A1A2103B300494D7F /* Release */ = {
			isa = XCBuildConfiguration;
			buildSettings = {
				ALWAYS_SEARCH_USER_PATHS = NO;
				CLANG_CXX_LANGUAGE_STANDARD = "gnu++0x";
				CLANG_CXX_LIBRARY = "libc++";
				CLANG_ENABLE_MODULES = YES;
				CLANG_ENABLE_OBJC_ARC = YES;
				CLANG_WARN_BOOL_CONVERSION = YES;
				CLANG_WARN_CONSTANT_CONVERSION = YES;
				CLANG_WARN_DIRECT_OBJC_ISA_USAGE = YES_ERROR;
				CLANG_WARN_EMPTY_BODY = YES;
				CLANG_WARN_ENUM_CONVERSION = YES;
				CLANG_WARN_INT_CONVERSION = YES;
				CLANG_WARN_OBJC_ROOT_CLASS = YES_ERROR;
				CLANG_WARN_UNREACHABLE_CODE = YES;
				CLANG_WARN__DUPLICATE_METHOD_MATCH = YES;
				"CODE_SIGN_IDENTITY[sdk=iphoneos*]" = "iPhone Developer";
				COPY_PHASE_STRIP = YES;
				ENABLE_NS_ASSERTIONS = NO;
				ENABLE_STRICT_OBJC_MSGSEND = YES;
				GCC_C_LANGUAGE_STANDARD = gnu99;
				GCC_WARN_64_TO_32_BIT_CONVERSION = YES;
				GCC_WARN_ABOUT_RETURN_TYPE = YES_ERROR;
				GCC_WARN_UNDECLARED_SELECTOR = YES;
				GCC_WARN_UNINITIALIZED_AUTOS = YES_AGGRESSIVE;
				GCC_WARN_UNUSED_FUNCTION = YES;
				GCC_WARN_UNUSED_VARIABLE = YES;
				IPHONEOS_DEPLOYMENT_TARGET = 8.1;
				MTL_ENABLE_DEBUG_INFO = NO;
				SDKROOT = iphoneos;
				VALIDATE_PRODUCT = YES;
			};
			name = Release;
		};
		D329815C1A2103B300494D7F /* Debug */ = {
			isa = XCBuildConfiguration;
			buildSettings = {
				ASSETCATALOG_COMPILER_APPICON_NAME = AppIcon;
				FRAMEWORK_SEARCH_PATHS = (
					"$(inherited)",
					"$(PROJECT_DIR)/PageMe",
				);
				INFOPLIST_FILE = PageMe/Info.plist;
				LD_RUNPATH_SEARCH_PATHS = "$(inherited) @executable_path/Frameworks";
				PRODUCT_NAME = "$(TARGET_NAME)";
			};
			name = Debug;
		};
		D329815D1A2103B300494D7F /* Release */ = {
			isa = XCBuildConfiguration;
			buildSettings = {
				ASSETCATALOG_COMPILER_APPICON_NAME = AppIcon;
				FRAMEWORK_SEARCH_PATHS = (
					"$(inherited)",
					"$(PROJECT_DIR)/PageMe",
				);
				INFOPLIST_FILE = PageMe/Info.plist;
				LD_RUNPATH_SEARCH_PATHS = "$(inherited) @executable_path/Frameworks";
				PRODUCT_NAME = "$(TARGET_NAME)";
			};
			name = Release;
		};
		D329815F1A2103B300494D7F /* Debug */ = {
			isa = XCBuildConfiguration;
			buildSettings = {
				BUNDLE_LOADER = "$(TEST_HOST)";
				FRAMEWORK_SEARCH_PATHS = (
					"$(SDKROOT)/Developer/Library/Frameworks",
					"$(inherited)",
				);
				GCC_PREPROCESSOR_DEFINITIONS = (
					"DEBUG=1",
					"$(inherited)",
				);
				INFOPLIST_FILE = PageMeTests/Info.plist;
				LD_RUNPATH_SEARCH_PATHS = "$(inherited) @executable_path/Frameworks @loader_path/Frameworks";
				PRODUCT_NAME = "$(TARGET_NAME)";
				TEST_HOST = "$(BUILT_PRODUCTS_DIR)/PageMe.app/PageMe";
			};
			name = Debug;
		};
		D32981601A2103B300494D7F /* Release */ = {
			isa = XCBuildConfiguration;
			buildSettings = {
				BUNDLE_LOADER = "$(TEST_HOST)";
				FRAMEWORK_SEARCH_PATHS = (
					"$(SDKROOT)/Developer/Library/Frameworks",
					"$(inherited)",
				);
				INFOPLIST_FILE = PageMeTests/Info.plist;
				LD_RUNPATH_SEARCH_PATHS = "$(inherited) @executable_path/Frameworks @loader_path/Frameworks";
				PRODUCT_NAME = "$(TARGET_NAME)";
				TEST_HOST = "$(BUILT_PRODUCTS_DIR)/PageMe.app/PageMe";
			};
			name = Release;
		};
/* End XCBuildConfiguration section */

/* Begin XCConfigurationList section */
		D32981301A2103B300494D7F /* Build configuration list for PBXProject "PageMe" */ = {
			isa = XCConfigurationList;
			buildConfigurations = (
				D32981591A2103B300494D7F /* Debug */,
				D329815A1A2103B300494D7F /* Release */,
			);
			defaultConfigurationIsVisible = 0;
			defaultConfigurationName = Release;
		};
		D329815B1A2103B300494D7F /* Build configuration list for PBXNativeTarget "PageMe" */ = {
			isa = XCConfigurationList;
			buildConfigurations = (
				D329815C1A2103B300494D7F /* Debug */,
				D329815D1A2103B300494D7F /* Release */,
			);
			defaultConfigurationIsVisible = 0;
		};
		D329815E1A2103B300494D7F /* Build configuration list for PBXNativeTarget "PageMeTests" */ = {
			isa = XCConfigurationList;
			buildConfigurations = (
				D329815F1A2103B300494D7F /* Debug */,
				D32981601A2103B300494D7F /* Release */,
			);
			defaultConfigurationIsVisible = 0;
		};
/* End XCConfigurationList section */
	};
	rootObject = D329812D1A2103B300494D7F /* Project object */;
}
